
Microsoft Visual Studio Solution File, Format Version 12.00
# Visual Studio Version 17
VisualStudioVersion = 17.1.32414.318
MinimumVisualStudioVersion = 10.0.40219.1
Project("{FAE04EC0-301F-11D3-BF4B-00C04F79EFBC}") = "MarketKasaSistemi.Web", "MarketKasaSistemi.Web\MarketKasaSistemi.Web.csproj", "{B7CE77B3-2EBE-4121-9A7D-07182F6F1211}"
EndProject
Project("{FAE04EC0-301F-11D3-BF4B-00C04F79EFBC}") = "MarketKasaSistemi.Entities", "MarketKasaSistemi.Entities\MarketKasaSistemi.Entities.csproj", "{C040B6FB-199C-4E51-A9C4-331238A62D42}"
EndProject
Project("{FAE04EC0-301F-11D3-BF4B-00C04F79EFBC}") = "MarketKasaSistemi.DataAccess", "MarketKasaSistemi.DataAccess\MarketKasaSistemi.DataAccess.csproj", "{BE472001-3DFE-4EEC-B442-AE7EB4D7788D}"
EndProject
Global
	GlobalSection(SolutionConfigurationPlatforms) = preSolution
		Debug|Any CPU = Debug|Any CPU
		Release|Any CPU = Release|Any CPU
	EndGlobalSection
	GlobalSection(ProjectConfigurationPlatforms) = postSolution
		{B7CE77B3-2EBE-4121-9A7D-07182F6F1211}.Debug|Any CPU.ActiveCfg = Debug|Any CPU
		{B7CE77B3-2EBE-4121-9A7D-07182F6F1211}.Debug|Any CPU.Build.0 = Debug|Any CPU
		{B7CE77B3-2EBE-4121-9A7D-07182F6F1211}.Release|Any CPU.ActiveCfg = Release|Any CPU
		{B7CE77B3-2EBE-4121-9A7D-07182F6F1211}.Release|Any CPU.Build.0 = Release|Any CPU
		{C040B6FB-199C-4E51-A9C4-331238A62D42}.Debug|Any CPU.ActiveCfg = Debug|Any CPU
		{C040B6FB-199C-4E51-A9C4-331238A62D42}.Debug|Any CPU.Build.0 = Debug|Any CPU
		{C040B6FB-199C-4E51-A9C4-331238A62D42}.Release|Any CPU.ActiveCfg = Release|Any CPU
		{C040B6FB-199C-4E51-A9C4-331238A62D42}.Release|Any CPU.Build.0 = Release|Any CPU
		{BE472001-3DFE-4EEC-B442-AE7EB4D7788D}.Debug|Any CPU.ActiveCfg = Debug|Any CPU
		{BE472001-3DFE-4EEC-B442-AE7EB4D7788D}.Debug|Any CPU.Build.0 = Debug|Any CPU
		{BE472001-3DFE-4EEC-B442-AE7EB4D7788D}.Release|Any CPU.ActiveCfg = Release|Any CPU
		{BE472001-3DFE-4EEC-B442-AE7EB4D7788D}.Release|Any CPU.Build.0 = Release|Any CPU
	EndGlobalSection
	GlobalSection(SolutionProperties) = preSolution
		HideSolutionNode = FALSE
	EndGlobalSection
	GlobalSection(ExtensibilityGlobals) = postSolution
		SolutionGuid = {DC46C542-BBE5-40F4-BEA4-D5549A35A324}
	EndGlobalSection
EndGlobal
